
Microsoft Visual Studio Solution File, Format Version 12.00
# Visual Studio 15
VisualStudioVersion = 15.0.28307.572
MinimumVisualStudioVersion = 10.0.40219.1
Project("{FAE04EC0-301F-11D3-BF4B-00C04F79EFBC}") = "inCRM", "inCRM\inCRM.csproj", "{26446950-83AA-4EAC-8C64-B28D01AF43C6}"
EndProject
Project("{FAE04EC0-301F-11D3-BF4B-00C04F79EFBC}") = "DBHandler", "DBHandler\DBHandler.csproj", "{2FA8A6D3-6BCE-40C4-98C7-12C720DB1A7A}"
EndProject
Global
	GlobalSection(SolutionConfigurationPlatforms) = preSolution
		Debug|Any CPU = Debug|Any CPU
		Release|Any CPU = Release|Any CPU
	EndGlobalSection
	GlobalSection(ProjectConfigurationPlatforms) = postSolution
		{26446950-83AA-4EAC-8C64-B28D01AF43C6}.Debug|Any CPU.ActiveCfg = Debug|Any CPU
		{26446950-83AA-4EAC-8C64-B28D01AF43C6}.Debug|Any CPU.Build.0 = Debug|Any CPU
		{26446950-83AA-4EAC-8C64-B28D01AF43C6}.Release|Any CPU.ActiveCfg = Release|Any CPU
		{26446950-83AA-4EAC-8C64-B28D01AF43C6}.Release|Any CPU.Build.0 = Release|Any CPU
		{2FA8A6D3-6BCE-40C4-98C7-12C720DB1A7A}.Debug|Any CPU.ActiveCfg = Debug|Any CPU
		{2FA8A6D3-6BCE-40C4-98C7-12C720DB1A7A}.Debug|Any CPU.Build.0 = Debug|Any CPU
		{2FA8A6D3-6BCE-40C4-98C7-12C720DB1A7A}.Release|Any CPU.ActiveCfg = Release|Any CPU
		{2FA8A6D3-6BCE-40C4-98C7-12C720DB1A7A}.Release|Any CPU.Build.0 = Release|Any CPU
	EndGlobalSection
	GlobalSection(SolutionProperties) = preSolution
		HideSolutionNode = FALSE
	EndGlobalSection
	GlobalSection(ExtensibilityGlobals) = postSolution
		SolutionGuid = {A107A3B6-C1AC-4FAF-BF74-B56C166F905B}
	EndGlobalSection
EndGlobal
